
Microsoft Visual Studio Solution File, Format Version 12.00
# Visual Studio Version 16
VisualStudioVersion = 16.0.31424.327
MinimumVisualStudioVersion = 10.0.40219.1
Project("{888888A0-9F3D-457C-B088-3A5042F75D52}") = "FileOperations", "FileOperations\FileOperations.pyproj", "{C5B527D7-A8CC-4EFC-B554-56A43F96A547}"
EndProject
Global
	GlobalSection(SolutionConfigurationPlatforms) = preSolution
		Debug|Any CPU = Debug|Any CPU
		Release|Any CPU = Release|Any CPU
	EndGlobalSection
	GlobalSection(ProjectConfigurationPlatforms) = postSolution
		{C5B527D7-A8CC-4EFC-B554-56A43F96A547}.Debug|Any CPU.ActiveCfg = Debug|Any CPU
		{C5B527D7-A8CC-4EFC-B554-56A43F96A547}.Release|Any CPU.ActiveCfg = Release|Any CPU
	EndGlobalSection
	GlobalSection(SolutionProperties) = preSolution
		HideSolutionNode = FALSE
	EndGlobalSection
	GlobalSection(ExtensibilityGlobals) = postSolution
		SolutionGuid = {FE2804C0-02A8-43ED-A4F9-2A489C196C49}
	EndGlobalSection
EndGlobal
